// !$*UTF8*$!
{
	archiveVersion = 1;
	classes = {
	};
	objectVersion = 50;
	objects = {

/* Begin PBXBuildFile section */
		7D3B12CA250FA5A100535778 /* AppDelegate.swift in Sources */ = {isa = PBXBuildFile; fileRef = 7D3B12C9250FA5A100535778 /* AppDelegate.swift */; };
		7D3B12CC250FA5A100535778 /* SceneDelegate.swift in Sources */ = {isa = PBXBuildFile; fileRef = 7D3B12CB250FA5A100535778 /* SceneDelegate.swift */; };
		7D3B12D1250FA5A100535778 /* Main.storyboard in Resources */ = {isa = PBXBuildFile; fileRef = 7D3B12CF250FA5A100535778 /* Main.storyboard */; };
		7D3B12D3250FA5AB00535778 /* Assets.xcassets in Resources */ = {isa = PBXBuildFile; fileRef = 7D3B12D2250FA5AB00535778 /* Assets.xcassets */; };
		7D3B12D6250FA5AB00535778 /* LaunchScreen.storyboard in Resources */ = {isa = PBXBuildFile; fileRef = 7D3B12D4250FA5AB00535778 /* LaunchScreen.storyboard */; };
		7D3B12E1250FA5AC00535778 /* SectionHeaderGlitchTests.swift in Sources */ = {isa = PBXBuildFile; fileRef = 7D3B12E0250FA5AC00535778 /* SectionHeaderGlitchTests.swift */; };
		7D3B12EC250FA60F00535778 /* CollectionViewCellWithHeightConstraint.swift in Sources */ = {isa = PBXBuildFile; fileRef = 7D3B12EB250FA60F00535778 /* CollectionViewCellWithHeightConstraint.swift */; };
		7D3B12EE250FA65200535778 /* DynamicCellsCollectionView.swift in Sources */ = {isa = PBXBuildFile; fileRef = 7D3B12ED250FA65200535778 /* DynamicCellsCollectionView.swift */; };
		7D3B12F0250FB2D000535778 /* HeaderView.swift in Sources */ = {isa = PBXBuildFile; fileRef = 7D3B12EF250FB2D000535778 /* HeaderView.swift */; };
		7D3B12F2250FC3F700535778 /* HeaderView.xib in Resources */ = {isa = PBXBuildFile; fileRef = 7D3B12F1250FC3F700535778 /* HeaderView.xib */; };
/* End PBXBuildFile section */

/* Begin PBXContainerItemProxy section */
		7D3B12DD250FA5AC00535778 /* PBXContainerItemProxy */ = {
			isa = PBXContainerItemProxy;
			containerPortal = 7D3B12BE250FA5A100535778 /* Project object */;
			proxyType = 1;
			remoteGlobalIDString = 7D3B12C5250FA5A100535778;
			remoteInfo = SectionHeaderGlitch;
		};
/* End PBXContainerItemProxy section */

/* Begin PBXFileReference section */
		7D3B12C6250FA5A100535778 /* SectionHeaderGlitch.app */ = {isa = PBXFileReference; explicitFileType = wrapper.application; includeInIndex = 0; path = SectionHeaderGlitch.app; sourceTree = BUILT_PRODUCTS_DIR; };
		7D3B12C9250FA5A100535778 /* AppDelegate.swift */ = {isa = PBXFileReference; lastKnownFileType = sourcecode.swift; path = AppDelegate.swift; sourceTree = "<group>"; };
		7D3B12CB250FA5A100535778 /* SceneDelegate.swift */ = {isa = PBXFileReference; lastKnownFileType = sourcecode.swift; path = SceneDelegate.swift; sourceTree = "<group>"; };
		7D3B12D0250FA5A100535778 /* Base */ = {isa = PBXFileReference; lastKnownFileType = file.storyboard; name = Base; path = Base.lproj/Main.storyboard; sourceTree = "<group>"; };
		7D3B12D2250FA5AB00535778 /* Assets.xcassets */ = {isa = PBXFileReference; lastKnownFileType = folder.assetcatalog; path = Assets.xcassets; sourceTree = "<group>"; };
		7D3B12D5250FA5AB00535778 /* Base */ = {isa = PBXFileReference; lastKnownFileType = file.storyboard; name = Base; path = Base.lproj/LaunchScreen.storyboard; sourceTree = "<group>"; };
		7D3B12D7250FA5AB00535778 /* Info.plist */ = {isa = PBXFileReference; lastKnownFileType = text.plist.xml; path = Info.plist; sourceTree = "<group>"; };
		7D3B12DC250FA5AC00535778 /* SectionHeaderGlitchTests.xctest */ = {isa = PBXFileReference; explicitFileType = wrapper.cfbundle; includeInIndex = 0; path = SectionHeaderGlitchTests.xctest; sourceTree = BUILT_PRODUCTS_DIR; };
		7D3B12E0250FA5AC00535778 /* SectionHeaderGlitchTests.swift */ = {isa = PBXFileReference; lastKnownFileType = sourcecode.swift; path = SectionHeaderGlitchTests.swift; sourceTree = "<group>"; };
		7D3B12E2250FA5AC00535778 /* Info.plist */ = {isa = PBXFileReference; lastKnownFileType = text.plist.xml; path = Info.plist; sourceTree = "<group>"; };
		7D3B12EB250FA60F00535778 /* CollectionViewCellWithHeightConstraint.swift */ = {isa = PBXFileReference; lastKnownFileType = sourcecode.swift; path = CollectionViewCellWithHeightConstraint.swift; sourceTree = "<group>"; };
		7D3B12ED250FA65200535778 /* DynamicCellsCollectionView.swift */ = {isa = PBXFileReference; fileEncoding = 4; lastKnownFileType = sourcecode.swift; path = DynamicCellsCollectionView.swift; sourceTree = "<group>"; };
		7D3B12EF250FB2D000535778 /* HeaderView.swift */ = {isa = PBXFileReference; lastKnownFileType = sourcecode.swift; path = HeaderView.swift; sourceTree = "<group>"; };
		7D3B12F1250FC3F700535778 /* HeaderView.xib */ = {isa = PBXFileReference; lastKnownFileType = file.xib; path = HeaderView.xib; sourceTree = "<group>"; };
/* End PBXFileReference section */

/* Begin PBXFrameworksBuildPhase section */
		7D3B12C3250FA5A100535778 /* Frameworks */ = {
			isa = PBXFrameworksBuildPhase;
			buildActionMask = 2147483647;
			files = (
			);
			runOnlyForDeploymentPostprocessing = 0;
		};
		7D3B12D9250FA5AC00535778 /* Frameworks */ = {
			isa = PBXFrameworksBuildPhase;
			buildActionMask = 2147483647;
			files = (
			);
			runOnlyForDeploymentPostprocessing = 0;
		};
/* End PBXFrameworksBuildPhase section */

/* Begin PBXGroup section */
		7D3B12BD250FA5A100535778 = {
			isa = PBXGroup;
			children = (
				7D3B12C8250FA5A100535778 /* SectionHeaderGlitch */,
				7D3B12DF250FA5AC00535778 /* SectionHeaderGlitchTests */,
				7D3B12C7250FA5A100535778 /* Products */,
			);
			sourceTree = "<group>";
		};
		7D3B12C7250FA5A100535778 /* Products */ = {
			isa = PBXGroup;
			children = (
				7D3B12C6250FA5A100535778 /* SectionHeaderGlitch.app */,
				7D3B12DC250FA5AC00535778 /* SectionHeaderGlitchTests.xctest */,
			);
			name = Products;
			sourceTree = "<group>";
		};
		7D3B12C8250FA5A100535778 /* SectionHeaderGlitch */ = {
			isa = PBXGroup;
			children = (
				7D3B12F1250FC3F700535778 /* HeaderView.xib */,
				7D3B12C9250FA5A100535778 /* AppDelegate.swift */,
				7D3B12CB250FA5A100535778 /* SceneDelegate.swift */,
				7D3B12ED250FA65200535778 /* DynamicCellsCollectionView.swift */,
				7D3B12CF250FA5A100535778 /* Main.storyboard */,
				7D3B12D2250FA5AB00535778 /* Assets.xcassets */,
				7D3B12D4250FA5AB00535778 /* LaunchScreen.storyboard */,
				7D3B12D7250FA5AB00535778 /* Info.plist */,
				7D3B12EB250FA60F00535778 /* CollectionViewCellWithHeightConstraint.swift */,
				7D3B12EF250FB2D000535778 /* HeaderView.swift */,
			);
			path = SectionHeaderGlitch;
			sourceTree = "<group>";
		};
		7D3B12DF250FA5AC00535778 /* SectionHeaderGlitchTests */ = {
			isa = PBXGroup;
			children = (
				7D3B12E0250FA5AC00535778 /* SectionHeaderGlitchTests.swift */,
				7D3B12E2250FA5AC00535778 /* Info.plist */,
			);
			path = SectionHeaderGlitchTests;
			sourceTree = "<group>";
		};
/* End PBXGroup section */

/* Begin PBXNativeTarget section */
		7D3B12C5250FA5A100535778 /* SectionHeaderGlitch */ = {
			isa = PBXNativeTarget;
			buildConfigurationList = 7D3B12E5250FA5AC00535778 /* Build configuration list for PBXNativeTarget "SectionHeaderGlitch" */;
			buildPhases = (
				7D3B12C2250FA5A100535778 /* Sources */,
				7D3B12C3250FA5A100535778 /* Frameworks */,
				7D3B12C4250FA5A100535778 /* Resources */,
			);
			buildRules = (
			);
			dependencies = (
			);
			name = SectionHeaderGlitch;
			productName = SectionHeaderGlitch;
			productReference = 7D3B12C6250FA5A100535778 /* SectionHeaderGlitch.app */;
			productType = "com.apple.product-type.application";
		};
		7D3B12DB250FA5AC00535778 /* SectionHeaderGlitchTests */ = {
			isa = PBXNativeTarget;
			buildConfigurationList = 7D3B12E8250FA5AC00535778 /* Build configuration list for PBXNativeTarget "SectionHeaderGlitchTests" */;
			buildPhases = (
				7D3B12D8250FA5AC00535778 /* Sources */,
				7D3B12D9250FA5AC00535778 /* Frameworks */,
				7D3B12DA250FA5AC00535778 /* Resources */,
			);
			buildRules = (
			);
			dependencies = (
				7D3B12DE250FA5AC00535778 /* PBXTargetDependency */,
			);
			name = SectionHeaderGlitchTests;
			productName = SectionHeaderGlitchTests;
			productReference = 7D3B12DC250FA5AC00535778 /* SectionHeaderGlitchTests.xctest */;
			productType = "com.apple.product-type.bundle.unit-test";
		};
/* End PBXNativeTarget section */

/* Begin PBXProject section */
		7D3B12BE250FA5A100535778 /* Project object */ = {
			isa = PBXProject;
			attributes = {
				LastSwiftUpdateCheck = 1160;
				LastUpgradeCheck = 1160;
				ORGANIZATIONNAME = "Manjeet Kumar";
				TargetAttributes = {
					7D3B12C5250FA5A100535778 = {
						CreatedOnToolsVersion = 11.6;
					};
					7D3B12DB250FA5AC00535778 = {
						CreatedOnToolsVersion = 11.6;
						TestTargetID = 7D3B12C5250FA5A100535778;
					};
				};
			};
			buildConfigurationList = 7D3B12C1250FA5A100535778 /* Build configuration list for PBXProject "SectionHeaderGlitch" */;
			compatibilityVersion = "Xcode 9.3";
			developmentRegion = en;
			hasScannedForEncodings = 0;
			knownRegions = (
				en,
				Base,
			);
			mainGroup = 7D3B12BD250FA5A100535778;
			productRefGroup = 7D3B12C7250FA5A100535778 /* Products */;
			projectDirPath = "";
			projectRoot = "";
			targets = (
				7D3B12C5250FA5A100535778 /* SectionHeaderGlitch */,
				7D3B12DB250FA5AC00535778 /* SectionHeaderGlitchTests */,
			);
		};
/* End PBXProject section */

/* Begin PBXResourcesBuildPhase section */
		7D3B12C4250FA5A100535778 /* Resources */ = {
			isa = PBXResourcesBuildPhase;
			buildActionMask = 2147483647;
			files = (
				7D3B12D6250FA5AB00535778 /* LaunchScreen.storyboard in Resources */,
				7D3B12D3250FA5AB00535778 /* Assets.xcassets in Resources */,
				7D3B12D1250FA5A100535778 /* Main.storyboard in Resources */,
				7D3B12F2250FC3F700535778 /* HeaderView.xib in Resources */,
			);
			runOnlyForDeploymentPostprocessing = 0;
		};
		7D3B12DA250FA5AC00535778 /* Resources */ = {
			isa = PBXResourcesBuildPhase;
			buildActionMask = 2147483647;
			files = (
			);
			runOnlyForDeploymentPostprocessing = 0;
		};
/* End PBXResourcesBuildPhase section */

/* Begin PBXSourcesBuildPhase section */
		7D3B12C2250FA5A100535778 /* Sources */ = {
			isa = PBXSourcesBuildPhase;
			buildActionMask = 2147483647;
			files = (
				7D3B12F0250FB2D000535778 /* HeaderView.swift in Sources */,
				7D3B12EC250FA60F00535778 /* CollectionViewCellWithHeightConstraint.swift in Sources */,
				7D3B12EE250FA65200535778 /* DynamicCellsCollectionView.swift in Sources */,
				7D3B12CA250FA5A100535778 /* AppDelegate.swift in Sources */,
				7D3B12CC250FA5A100535778 /* SceneDelegate.swift in Sources */,
			);
			runOnlyForDeploymentPostprocessing = 0;
		};
		7D3B12D8250FA5AC00535778 /* Sources */ = {
			isa = PBXSourcesBuildPhase;
			buildActionMask = 2147483647;
			files = (
				7D3B12E1250FA5AC00535778 /* SectionHeaderGlitchTests.swift in Sources */,
			);
			runOnlyForDeploymentPostprocessing = 0;
		};
/* End PBXSourcesBuildPhase section */

/* Begin PBXTargetDependency section */
		7D3B12DE250FA5AC00535778 /* PBXTargetDependency */ = {
			isa = PBXTargetDependency;
			target = 7D3B12C5250FA5A100535778 /* SectionHeaderGlitch */;
			targetProxy = 7D3B12DD250FA5AC00535778 /* PBXContainerItemProxy */;
		};
/* End PBXTargetDependency section */

/* Begin PBXVariantGroup section */
		7D3B12CF250FA5A100535778 /* Main.storyboard */ = {
			isa = PBXVariantGroup;
			children = (
				7D3B12D0250FA5A100535778 /* Base */,
			);
			name = Main.storyboard;
			sourceTree = "<group>";
		};
		7D3B12D4250FA5AB00535778 /* LaunchScreen.storyboard */ = {
			isa = PBXVariantGroup;
			children = (
				7D3B12D5250FA5AB00535778 /* Base */,
			);
			name = LaunchScreen.storyboard;
			sourceTree = "<group>";
		};
/* End PBXVariantGroup section */

/* Begin XCBuildConfiguration section */
		7D3B12E3250FA5AC00535778 /* Debug */ = {
			isa = XCBuildConfiguration;
			buildSettings = {
				ALWAYS_SEARCH_USER_PATHS = NO;
				CLANG_ANALYZER_NONNULL = YES;
				CLANG_ANALYZER_NUMBER_OBJECT_CONVERSION = YES_AGGRESSIVE;
				CLANG_CXX_LANGUAGE_STANDARD = "gnu++14";
				CLANG_CXX_LIBRARY = "libc++";
				CLANG_ENABLE_MODULES = YES;
				CLANG_ENABLE_OBJC_ARC = YES;
				CLANG_ENABLE_OBJC_WEAK = YES;
				CLANG_WARN_BLOCK_CAPTURE_AUTORELEASING = YES;
				CLANG_WARN_BOOL_CONVERSION = YES;
				CLANG_WARN_COMMA = YES;
				CLANG_WARN_CONSTANT_CONVERSION = YES;
				CLANG_WARN_DEPRECATED_OBJC_IMPLEMENTATIONS = YES;
				CLANG_WARN_DIRECT_OBJC_ISA_USAGE = YES_ERROR;
				CLANG_WARN_DOCUMENTATION_COMMENTS = YES;
				CLANG_WARN_EMPTY_BODY = YES;
				CLANG_WARN_ENUM_CONVERSION = YES;
				CLANG_WARN_INFINITE_RECURSION = YES;
				CLANG_WARN_INT_CONVERSION = YES;
				CLANG_WARN_NON_LITERAL_NULL_CONVERSION = YES;
				CLANG_WARN_OBJC_IMPLICIT_RETAIN_SELF = YES;
				CLANG_WARN_OBJC_LITERAL_CONVERSION = YES;
				CLANG_WARN_OBJC_ROOT_CLASS = YES_ERROR;
				CLANG_WARN_RANGE_LOOP_ANALYSIS = YES;
				CLANG_WARN_STRICT_PROTOTYPES = YES;
				CLANG_WARN_SUSPICIOUS_MOVE = YES;
				CLANG_WARN_UNGUARDED_AVAILABILITY = YES_AGGRESSIVE;
				CLANG_WARN_UNREACHABLE_CODE = YES;
				CLANG_WARN__DUPLICATE_METHOD_MATCH = YES;
				COPY_PHASE_STRIP = NO;
				DEBUG_INFORMATION_FORMAT = dwarf;
				ENABLE_STRICT_OBJC_MSGSEND = YES;
				ENABLE_TESTABILITY = YES;
				GCC_C_LANGUAGE_STANDARD = gnu11;
				GCC_DYNAMIC_NO_PIC = NO;
				GCC_NO_COMMON_BLOCKS = YES;
				GCC_OPTIMIZATION_LEVEL = 0;
				GCC_PREPROCESSOR_DEFINITIONS = (
					"DEBUG=1",
					"$(inherited)",
				);
				GCC_WARN_64_TO_32_BIT_CONVERSION = YES;
				GCC_WARN_ABOUT_RETURN_TYPE = YES_ERROR;
				GCC_WARN_UNDECLARED_SELECTOR = YES;
				GCC_WARN_UNINITIALIZED_AUTOS = YES_AGGRESSIVE;
				GCC_WARN_UNUSED_FUNCTION = YES;
				GCC_WARN_UNUSED_VARIABLE = YES;
				IPHONEOS_DEPLOYMENT_TARGET = 13.6;
				MTL_ENABLE_DEBUG_INFO = INCLUDE_SOURCE;
				MTL_FAST_MATH = YES;
				ONLY_ACTIVE_ARCH = YES;
				SDKROOT = iphoneos;
				SWIFT_ACTIVE_COMPILATION_CONDITIONS = DEBUG;
				SWIFT_OPTIMIZATION_LEVEL = "-Onone";
			};
			name = Debug;
		};
		7D3B12E4250FA5AC00535778 /* Release */ = {
			isa = XCBuildConfiguration;
			buildSettings = {
				ALWAYS_SEARCH_USER_PATHS = NO;
				CLANG_ANALYZER_NONNULL = YES;
				CLANG_ANALYZER_NUMBER_OBJECT_CONVERSION = YES_AGGRESSIVE;
				CLANG_CXX_LANGUAGE_STANDARD = "gnu++14";
				CLANG_CXX_LIBRARY = "libc++";
				CLANG_ENABLE_MODULES = YES;
				CLANG_ENABLE_OBJC_ARC = YES;
				CLANG_ENABLE_OBJC_WEAK = YES;
				CLANG_WARN_BLOCK_CAPTURE_AUTORELEASING = YES;
				CLANG_WARN_BOOL_CONVERSION = YES;
				CLANG_WARN_COMMA = YES;
				CLANG_WARN_CONSTANT_CONVERSION = YES;
				CLANG_WARN_DEPRECATED_OBJC_IMPLEMENTATIONS = YES;
				CLANG_WARN_DIRECT_OBJC_ISA_USAGE = YES_ERROR;
				CLANG_WARN_DOCUMENTATION_COMMENTS = YES;
				CLANG_WARN_EMPTY_BODY = YES;
				CLANG_WARN_ENUM_CONVERSION = YES;
				CLANG_WARN_INFINITE_RECURSION = YES;
				CLANG_WARN_INT_CONVERSION = YES;
				CLANG_WARN_NON_LITERAL_NULL_CONVERSION = YES;
				CLANG_WARN_OBJC_IMPLICIT_RETAIN_SELF = YES;
				CLANG_WARN_OBJC_LITERAL_CONVERSION = YES;
				CLANG_WARN_OBJC_ROOT_CLASS = YES_ERROR;
				CLANG_WARN_RANGE_LOOP_ANALYSIS = YES;
				CLANG_WARN_STRICT_PROTOTYPES = YES;
				CLANG_WARN_SUSPICIOUS_MOVE = YES;
				CLANG_WARN_UNGUARDED_AVAILABILITY = YES_AGGRESSIVE;
				CLANG_WARN_UNREACHABLE_CODE = YES;
				CLANG_WARN__DUPLICATE_METHOD_MATCH = YES;
				COPY_PHASE_STRIP = NO;
				DEBUG_INFORMATION_FORMAT = "dwarf-with-dsym";
				ENABLE_NS_ASSERTIONS = NO;
				ENABLE_STRICT_OBJC_MSGSEND = YES;
				GCC_C_LANGUAGE_STANDARD = gnu11;
				GCC_NO_COMMON_BLOCKS = YES;
				GCC_WARN_64_TO_32_BIT_CONVERSION = YES;
				GCC_WARN_ABOUT_RETURN_TYPE = YES_ERROR;
				GCC_WARN_UNDECLARED_SELECTOR = YES;
				GCC_WARN_UNINITIALIZED_AUTOS = YES_AGGRESSIVE;
				GCC_WARN_UNUSED_FUNCTION = YES;
				GCC_WARN_UNUSED_VARIABLE = YES;
				IPHONEOS_DEPLOYMENT_TARGET = 13.6;
				MTL_ENABLE_DEBUG_INFO = NO;
				MTL_FAST_MATH = YES;
				SDKROOT = iphoneos;
				SWIFT_COMPILATION_MODE = wholemodule;
				SWIFT_OPTIMIZATION_LEVEL = "-O";
				VALIDATE_PRODUCT = YES;
			};
			name = Release;
		};
		7D3B12E6250FA5AC00535778 /* Debug */ = {
			isa = XCBuildConfiguration;
			buildSettings = {
				ASSETCATALOG_COMPILER_APPICON_NAME = AppIcon;
				CODE_SIGN_STYLE = Automatic;
				DEVELOPMENT_TEAM = A6D4G6479G;
				INFOPLIST_FILE = SectionHeaderGlitch/Info.plist;
				LD_RUNPATH_SEARCH_PATHS = (
					"$(inherited)",
					"@executable_path/Frameworks",
				);
				PRODUCT_BUNDLE_IDENTIFIER = mkumar.SectionHeaderGlitch;
				PRODUCT_NAME = "$(TARGET_NAME)";
				SWIFT_VERSION = 5.0;
				TARGETED_DEVICE_FAMILY = "1,2";
			};
			name = Debug;
		};
		7D3B12E7250FA5AC00535778 /* Release */ = {
			isa = XCBuildConfiguration;
			buildSettings = {
				ASSETCATALOG_COMPILER_APPICON_NAME = AppIcon;
				CODE_SIGN_STYLE = Automatic;
				DEVELOPMENT_TEAM = A6D4G6479G;
				INFOPLIST_FILE = SectionHeaderGlitch/Info.plist;
				LD_RUNPATH_SEARCH_PATHS = (
					"$(inherited)",
					"@executable_path/Frameworks",
				);
				PRODUCT_BUNDLE_IDENTIFIER = mkumar.SectionHeaderGlitch;
				PRODUCT_NAME = "$(TARGET_NAME)";
				SWIFT_VERSION = 5.0;
				TARGETED_DEVICE_FAMILY = "1,2";
			};
			name = Release;
		};
		7D3B12E9250FA5AC00535778 /* Debug */ = {
			isa = XCBuildConfiguration;
			buildSettings = {
				ALWAYS_EMBED_SWIFT_STANDARD_LIBRARIES = YES;
				BUNDLE_LOADER = "$(TEST_HOST)";
				CODE_SIGN_STYLE = Automatic;
				DEVELOPMENT_TEAM = A6D4G6479G;
				INFOPLIST_FILE = SectionHeaderGlitchTests/Info.plist;
				IPHONEOS_DEPLOYMENT_TARGET = 13.6;
				LD_RUNPATH_SEARCH_PATHS = (
					"$(inherited)",
					"@executable_path/Frameworks",
					"@loader_path/Frameworks",
				);
				PRODUCT_BUNDLE_IDENTIFIER = mkumar.SectionHeaderGlitchTests;
				PRODUCT_NAME = "$(TARGET_NAME)";
				SWIFT_VERSION = 5.0;
				TARGETED_DEVICE_FAMILY = "1,2";
				TEST_HOST = "$(BUILT_PRODUCTS_DIR)/SectionHeaderGlitch.app/SectionHeaderGlitch";
			};
			name = Debug;
		};
		7D3B12EA250FA5AC00535778 /* Release */ = {
			isa = XCBuildConfiguration;
			buildSettings = {
				ALWAYS_EMBED_SWIFT_STANDARD_LIBRARIES = YES;
				BUNDLE_LOADER = "$(TEST_HOST)";
				CODE_SIGN_STYLE = Automatic;
				DEVELOPMENT_TEAM = A6D4G6479G;
				INFOPLIST_FILE = SectionHeaderGlitchTests/Info.plist;
				IPHONEOS_DEPLOYMENT_TARGET = 13.6;
				LD_RUNPATH_SEARCH_PATHS = (
					"$(inherited)",
					"@executable_path/Frameworks",
					"@loader_path/Frameworks",
				);
				PRODUCT_BUNDLE_IDENTIFIER = mkumar.SectionHeaderGlitchTests;
				PRODUCT_NAME = "$(TARGET_NAME)";
				SWIFT_VERSION = 5.0;
				TARGETED_DEVICE_FAMILY = "1,2";
				TEST_HOST = "$(BUILT_PRODUCTS_DIR)/SectionHeaderGlitch.app/SectionHeaderGlitch";
			};
			name = Release;
		};
/* End XCBuildConfiguration section */

/* Begin XCConfigurationList section */
		7D3B12C1250FA5A100535778 /* Build configuration list for PBXProject "SectionHeaderGlitch" */ = {
			isa = XCConfigurationList;
			buildConfigurations = (
				7D3B12E3250FA5AC00535778 /* Debug */,
				7D3B12E4250FA5AC00535778 /* Release */,
			);
			defaultConfigurationIsVisible = 0;
			defaultConfigurationName = Release;
		};
		7D3B12E5250FA5AC00535778 /* Build configuration list for PBXNativeTarget "SectionHeaderGlitch" */ = {
			isa = XCConfigurationList;
			buildConfigurations = (
				7D3B12E6250FA5AC00535778 /* Debug */,
				7D3B12E7250FA5AC00535778 /* Release */,
			);
			defaultConfigurationIsVisible = 0;
			defaultConfigurationName = Release;
		};
		7D3B12E8250FA5AC00535778 /* Build configuration list for PBXNativeTarget "SectionHeaderGlitchTests" */ = {
			isa = XCConfigurationList;
			buildConfigurations = (
				7D3B12E9250FA5AC00535778 /* Debug */,
				7D3B12EA250FA5AC00535778 /* Release */,
			);
			defaultConfigurationIsVisible = 0;
			defaultConfigurationName = Release;
		};
/* End XCConfigurationList section */
	};
	rootObject = 7D3B12BE250FA5A100535778 /* Project object */;
}
